
Microsoft Visual Studio Solution File, Format Version 12.00
# Visual Studio Version 16
VisualStudioVersion = 16.0.31129.286
MinimumVisualStudioVersion = 10.0.40219.1
Project("{FAE04EC0-301F-11D3-BF4B-00C04F79EFBC}") = "or 15", "or 15\or 15.csproj", "{F1ED0058-644C-418E-801A-4B095B65FE2A}"
EndProject
Global
	GlobalSection(SolutionConfigurationPlatforms) = preSolution
		Debug|Any CPU = Debug|Any CPU
		Release|Any CPU = Release|Any CPU
	EndGlobalSection
	GlobalSection(ProjectConfigurationPlatforms) = postSolution
		{F1ED0058-644C-418E-801A-4B095B65FE2A}.Debug|Any CPU.ActiveCfg = Debug|Any CPU
		{F1ED0058-644C-418E-801A-4B095B65FE2A}.Debug|Any CPU.Build.0 = Debug|Any CPU
		{F1ED0058-644C-418E-801A-4B095B65FE2A}.Release|Any CPU.ActiveCfg = Release|Any CPU
		{F1ED0058-644C-418E-801A-4B095B65FE2A}.Release|Any CPU.Build.0 = Release|Any CPU
	EndGlobalSection
	GlobalSection(SolutionProperties) = preSolution
		HideSolutionNode = FALSE
	EndGlobalSection
	GlobalSection(ExtensibilityGlobals) = postSolution
		SolutionGuid = {386075F5-54E6-4007-95E2-DA5D61174A76}
	EndGlobalSection
EndGlobal
