
Microsoft Visual Studio Solution File, Format Version 12.00
# Visual Studio Version 16
VisualStudioVersion = 16.0.31129.286
MinimumVisualStudioVersion = 10.0.40219.1
Project("{FAE04EC0-301F-11D3-BF4B-00C04F79EFBC}") = "or 8", "or 8\or 8.csproj", "{AFBD67EF-ED17-4140-B052-A685C032EDC4}"
EndProject
Global
	GlobalSection(SolutionConfigurationPlatforms) = preSolution
		Debug|Any CPU = Debug|Any CPU
		Release|Any CPU = Release|Any CPU
	EndGlobalSection
	GlobalSection(ProjectConfigurationPlatforms) = postSolution
		{AFBD67EF-ED17-4140-B052-A685C032EDC4}.Debug|Any CPU.ActiveCfg = Debug|Any CPU
		{AFBD67EF-ED17-4140-B052-A685C032EDC4}.Debug|Any CPU.Build.0 = Debug|Any CPU
		{AFBD67EF-ED17-4140-B052-A685C032EDC4}.Release|Any CPU.ActiveCfg = Release|Any CPU
		{AFBD67EF-ED17-4140-B052-A685C032EDC4}.Release|Any CPU.Build.0 = Release|Any CPU
	EndGlobalSection
	GlobalSection(SolutionProperties) = preSolution
		HideSolutionNode = FALSE
	EndGlobalSection
	GlobalSection(ExtensibilityGlobals) = postSolution
		SolutionGuid = {F6315307-F909-4A6F-80CA-9C1400F6FF7D}
	EndGlobalSection
EndGlobal
