
Microsoft Visual Studio Solution File, Format Version 12.00
# Visual Studio Version 16
VisualStudioVersion = 16.0.31129.286
MinimumVisualStudioVersion = 10.0.40219.1
Project("{FAE04EC0-301F-11D3-BF4B-00C04F79EFBC}") = "particle-test nahat 5", "particle-test nahat 5\particle-test nahat 5.csproj", "{3CC94635-7786-468E-BF6B-C08781E29751}"
EndProject
Global
	GlobalSection(SolutionConfigurationPlatforms) = preSolution
		Debug|Any CPU = Debug|Any CPU
		Release|Any CPU = Release|Any CPU
	EndGlobalSection
	GlobalSection(ProjectConfigurationPlatforms) = postSolution
		{3CC94635-7786-468E-BF6B-C08781E29751}.Debug|Any CPU.ActiveCfg = Debug|Any CPU
		{3CC94635-7786-468E-BF6B-C08781E29751}.Debug|Any CPU.Build.0 = Debug|Any CPU
		{3CC94635-7786-468E-BF6B-C08781E29751}.Release|Any CPU.ActiveCfg = Release|Any CPU
		{3CC94635-7786-468E-BF6B-C08781E29751}.Release|Any CPU.Build.0 = Release|Any CPU
	EndGlobalSection
	GlobalSection(SolutionProperties) = preSolution
		HideSolutionNode = FALSE
	EndGlobalSection
	GlobalSection(ExtensibilityGlobals) = postSolution
		SolutionGuid = {D03C6F06-EB9A-4F4E-9177-B79EAE15F1D2}
	EndGlobalSection
EndGlobal
