
Microsoft Visual Studio Solution File, Format Version 12.00
# Visual Studio Version 16
VisualStudioVersion = 16.0.31129.286
MinimumVisualStudioVersion = 10.0.40219.1
Project("{FAE04EC0-301F-11D3-BF4B-00C04F79EFBC}") = "or 25", "or 25\or 25.csproj", "{770450E7-5CE6-400E-8606-92F1CA65D93F}"
EndProject
Global
	GlobalSection(SolutionConfigurationPlatforms) = preSolution
		Debug|Any CPU = Debug|Any CPU
		Release|Any CPU = Release|Any CPU
	EndGlobalSection
	GlobalSection(ProjectConfigurationPlatforms) = postSolution
		{770450E7-5CE6-400E-8606-92F1CA65D93F}.Debug|Any CPU.ActiveCfg = Debug|Any CPU
		{770450E7-5CE6-400E-8606-92F1CA65D93F}.Debug|Any CPU.Build.0 = Debug|Any CPU
		{770450E7-5CE6-400E-8606-92F1CA65D93F}.Release|Any CPU.ActiveCfg = Release|Any CPU
		{770450E7-5CE6-400E-8606-92F1CA65D93F}.Release|Any CPU.Build.0 = Release|Any CPU
	EndGlobalSection
	GlobalSection(SolutionProperties) = preSolution
		HideSolutionNode = FALSE
	EndGlobalSection
	GlobalSection(ExtensibilityGlobals) = postSolution
		SolutionGuid = {6AE81C40-6FE2-4C6E-B125-84BC7DCC28DF}
	EndGlobalSection
EndGlobal
