
Microsoft Visual Studio Solution File, Format Version 12.00
# Visual Studio Version 16
VisualStudioVersion = 16.0.31129.286
MinimumVisualStudioVersion = 10.0.40219.1
Project("{FAE04EC0-301F-11D3-BF4B-00C04F79EFBC}") = "or 7", "or 7\or 7.csproj", "{E50FEE12-5D3D-404C-9019-0CE1A2C5A865}"
EndProject
Global
	GlobalSection(SolutionConfigurationPlatforms) = preSolution
		Debug|Any CPU = Debug|Any CPU
		Release|Any CPU = Release|Any CPU
	EndGlobalSection
	GlobalSection(ProjectConfigurationPlatforms) = postSolution
		{E50FEE12-5D3D-404C-9019-0CE1A2C5A865}.Debug|Any CPU.ActiveCfg = Debug|Any CPU
		{E50FEE12-5D3D-404C-9019-0CE1A2C5A865}.Debug|Any CPU.Build.0 = Debug|Any CPU
		{E50FEE12-5D3D-404C-9019-0CE1A2C5A865}.Release|Any CPU.ActiveCfg = Release|Any CPU
		{E50FEE12-5D3D-404C-9019-0CE1A2C5A865}.Release|Any CPU.Build.0 = Release|Any CPU
	EndGlobalSection
	GlobalSection(SolutionProperties) = preSolution
		HideSolutionNode = FALSE
	EndGlobalSection
	GlobalSection(ExtensibilityGlobals) = postSolution
		SolutionGuid = {8B81F6D5-7165-4DB9-A165-59FE31640FDA}
	EndGlobalSection
EndGlobal
